
Microsoft Visual Studio Solution File, Format Version 12.00
# Visual Studio Version 16
VisualStudioVersion = 16.0.29609.76
MinimumVisualStudioVersion = 10.0.40219.1
Project("{FAE04EC0-301F-11D3-BF4B-00C04F79EFBC}") = "Competence", "Competence\Competence.csproj", "{3219E018-3137-4795-A5E4-9C0DAC8BF57D}"
EndProject
Global
	GlobalSection(SolutionConfigurationPlatforms) = preSolution
		Debug|Any CPU = Debug|Any CPU
		Release|Any CPU = Release|Any CPU
	EndGlobalSection
	GlobalSection(ProjectConfigurationPlatforms) = postSolution
		{3219E018-3137-4795-A5E4-9C0DAC8BF57D}.Debug|Any CPU.ActiveCfg = Debug|Any CPU
		{3219E018-3137-4795-A5E4-9C0DAC8BF57D}.Debug|Any CPU.Build.0 = Debug|Any CPU
		{3219E018-3137-4795-A5E4-9C0DAC8BF57D}.Release|Any CPU.ActiveCfg = Release|Any CPU
		{3219E018-3137-4795-A5E4-9C0DAC8BF57D}.Release|Any CPU.Build.0 = Release|Any CPU
	EndGlobalSection
	GlobalSection(SolutionProperties) = preSolution
		HideSolutionNode = FALSE
	EndGlobalSection
	GlobalSection(ExtensibilityGlobals) = postSolution
		SolutionGuid = {C0C7FE04-B771-408D-81B1-AD8D8285E7C0}
	EndGlobalSection
EndGlobal
